dependencies:
- name: common
  repository: file://../chart_deps/app/common/
  version: 0.1.0
- name: fluentbit-operated
  repository: file://../chart_deps/fluent/fluentbit/fluentbit-operated/
  version: 0.1.0
- name: common
  repository: file://../chart_deps/app/common/
  version: 0.1.0
digest: sha256:a68509338de4aa610470e8eeb88e0bc92ab8d355c291ba9ad6ec62dbed5285e9
generated: "2025-10-13T17:53:19.498259939+03:00"
