dependencies:
- name: common
  repository: file://../chart_deps/app/common/
  version: 0.1.0
- name: fluentbit-operated
  repository: file://../chart_deps/fluent/fluentbit/fluentbit-operated/
  version: 0.1.0
- name: fluentbit
  repository: file://../chart_deps/fluent/fluentbit/fluentbit
  version: 0.1.0
digest: sha256:9ab54787870cc1b285ea8d8103ca0ff32217db1a5232b3c0057ba91490796c35
generated: "2025-10-14T01:22:21.702447463+03:00"
