dependencies:
- name: certificates
  repository: file://../chart_deps/security/certificates
  version: 0.1.0
- name: kong-plugins
  repository: file://../chart_deps/konghq/plugins
  version: 0.1.0
- name: kong
  repository: https://charts.konghq.com
  version: 2.37.1
digest: sha256:37cab36c169acd8b19dd25277de45ee9772774edbf2b32ffd768dea0219bde01
generated: "2025-03-05T18:14:17.958828995+03:00"
