dependencies:
- name: certificates
  repository: file://../chart_deps/security/certificates
  version: 0.1.0
- name: kong-plugins
  repository: file://../chart_deps/konghq/plugins
  version: 0.1.0
- name: kong
  repository: https://charts.konghq.com
  version: 2.48.0
digest: sha256:5a0c5a3e7e2ec159ced540749caca2231420bce5c7d70e5bd82a9ea796f48905
generated: "2025-05-02T13:32:28.515971548+03:00"
