dependencies:
- name: kong-plugins
  repository: file://../chart_deps/konghq/plugins
  version: 0.1.0
- name: prometheus-rules
  repository: file://../chart_deps/prometheus/prometheus-rules
  version: 0.1.0
- name: alertmanager-configs
  repository: file://../chart_deps/prometheus/alertmanager-configs
  version: 0.1.0
- name: probes
  repository: file://../chart_deps/prometheus/probes
  version: 0.1.0
- name: prometheus-operated
  repository: file://../chart_deps/prometheus/prometheus-operated
  version: 0.1.0
- name: alertmanager-operated
  repository: file://../chart_deps/prometheus/alertmanager-operated
  version: 0.1.0
- name: prometheus-postgres-exporter
  repository: https://prometheus-community.github.io/helm-charts
  version: 6.10.0
- name: prometheus-blackbox-exporter
  repository: https://prometheus-community.github.io/helm-charts
  version: 9.4.0
- name: prometheus-node-exporter
  repository: https://prometheus-community.github.io/helm-charts
  version: 4.45.0
- name: kube-state-metrics
  repository: oci://registry-1.docker.io/bitnamicharts
  version: 5.0.4
- name: kube-prometheus-stack
  repository: https://prometheus-community.github.io/helm-charts
  version: 70.4.1
- name: prometheus-stackdriver-exporter
  repository: https://prometheus-community.github.io/helm-charts
  version: 4.8.2
- name: core
  repository: file://../chart_deps/app/core
  version: 0.1.0
digest: sha256:30a61934a7073e577db9befe881cd60e39c47baec3d429f58673ccbaadbbcfdb
generated: "2025-04-26T12:39:21.177630891+03:00"
