dependencies:
- name: fluentbit-filters
  repository: file://../filters/
  version: 0.1.0
- name: fluentbit-inputs
  repository: file://../inputs/
  version: 0.1.0
- name: fluentbit-outputs
  repository: file://../outputs/
  version: 0.1.0
- name: fluentbit-parsers
  repository: file://../parsers/
  version: 0.1.0
- name: core
  repository: file://../../../app/core
  version: 0.1.0
digest: sha256:945ed491326d66f33c65bc5e97a26d8fa29ca501c83902cd2ab89725cb631077
generated: "2025-10-06T13:16:56.576699921+03:00"
