dependencies:
- name: fluentbit-lib
  repository: file://../lib
  version: 0.1.0
- name: core
  repository: file://../../../app/core
  version: 0.1.0
- name: prometheus-lib
  repository: file://../../../prometheus/lib
  version: 0.1.0
digest: sha256:25569bd235115f1e5376de6a398d5d8b02320f126837ebbc421d22808ea0a56e
generated: "2026-01-07T20:04:58.741744556Z"
