dependencies:
- name: grafana-dashboards
  repository: file://../chart_deps/grafana/dashboards
  version: 0.1.0
- name: grafana-datasources
  repository: file://../chart_deps/grafana/datasources
  version: 0.1.0
- name: grafana-operated
  repository: file://../chart_deps/grafana/grafana-operated
  version: 0.1.0
- name: grafana-operator
  repository: oci://ghcr.io/grafana/helm-charts
  version: v5.9.0
digest: sha256:6873a8446c095715fdea0f71e0c9a489a0b7c31fe4325da9db09b025a620b48b
generated: "2024-05-15T19:15:27.400664019Z"
