dependencies:
- name: grafana-dashboards
  repository: file://../chart_deps/grafana/dashboards
  version: 0.1.0
- name: grafana-dashboards
  repository: file://../chart_deps/grafana/dashboards
  version: 0.1.0
- name: grafana-datasources
  repository: file://../chart_deps/grafana/datasources
  version: 0.1.0
- name: grafana-operated
  repository: file://../chart_deps/grafana/grafana-operated
  version: 0.1.0
- name: grafana-operator
  repository: oci://ghcr.io/grafana/helm-charts
  version: v5.9.0
digest: sha256:7fad13a85c544e9b66ebaa8f4340fd162c3ab054a2edd725a454a0407cdd5dd9
generated: "2024-06-12T13:53:57.834118815Z"
