dependencies:
- name: grafana-dashboards
  repository: file://../chart_deps/grafana/dashboards
  version: 0.1.0
- name: grafana-datasources
  repository: file://../chart_deps/grafana/datasources
  version: 0.1.0
- name: grafana-operated
  repository: file://../chart_deps/grafana/grafana-operated
  version: 0.1.0
- name: grafana-operator
  repository: oci://ghcr.io/grafana/helm-charts
  version: v5.8.1
digest: sha256:28b3eb6a37296d13e5dc7fe3d52d19daa8fe3a3eb277437674a50e89ad203253
generated: "2024-04-05T06:40:13.651219581Z"
