dependencies:
- name: gitlab
  repository: https://charts.gitlab.io
  version: 10.1.1
- name: redis-operated
  repository: file://../chart_deps/redis/redis-operated
  version: 0.1.0
- name: postgres-cluster
  repository: file://../chart_deps/postgres/postgres-cluster
  version: 0.1.0
- name: core
  repository: file://../chart_deps/app/core
  version: 0.1.0
digest: sha256:e574484f42adb72b745338980ffaaa4ffe329fa64be653d127cb6a307571ac7b
generated: "2026-07-01T12:38:40.247696501+03:00"
