dependencies:
- name: gitlab
  repository: https://charts.gitlab.io
  version: 10.1.2
- name: redis-operated
  repository: file://../chart_deps/redis/redis-operated
  version: 0.1.0
- name: postgres-cluster
  repository: file://../chart_deps/postgres/postgres-cluster
  version: 0.1.0
- name: core
  repository: file://../chart_deps/app/core
  version: 0.1.0
digest: sha256:18690384c1e2d9a38960ee853e531677963d00865845b3058b4fef8a47254d36
generated: "2026-07-08T11:55:20.25953866+03:00"
