dependencies:
- name: roles
  repository: file://../roles/
  version: 0.1.0
- name: workloads
  repository: file://../workloads/
  version: 0.1.0
- name: networking
  repository: file://../networking/
  version: 0.1.0
digest: sha256:923a3f7064b0dcd73451e3cace9f4070cd7d066673121d88e081e76d431af47b
generated: "2025-04-16T15:51:58.223393652+03:00"
