dependencies:
- name: kong-plugins
  repository: file://../chart_deps/konghq/plugins
  version: 0.1.0
- name: thanos
  repository: oci://registry-1.docker.io/bitnamicharts
  version: 15.13.2
digest: sha256:2798a54e85c25f21508d09de8f39d3660d0499cf823d0e74102a2c32ec91b264
generated: "2025-03-24T07:11:15.018519822Z"
