dependencies:
- name: kong-plugins
  repository: file://../chart_deps/konghq/plugins
  version: 0.1.0
- name: thanos
  repository: oci://registry-1.docker.io/bitnamicharts
  version: 15.14.0
digest: sha256:51b99063545388e930fdca42aa62acf1aab8c5470626b3dafe14e5481c27d9a5
generated: "2025-04-01T20:44:18.287079645Z"
