dependencies:
- name: loki
  repository: https://grafana.github.io/helm-charts
  version: 6.51.0
- name: kong-plugins
  repository: file://../chart_deps/konghq/plugins
  version: 0.1.0
- name: core
  repository: file://../chart_deps/app/core
  version: 0.1.0
digest: sha256:61fdb7d393050a4ece05b78e171991e60b2ee1081ffc5a24b44933ccc2ecb512
generated: "2026-01-28T17:22:40.133940964+03:00"
