dependencies:
- name: argo-cd
  repository: https://argoproj.github.io/argo-helm
  version: 7.4.5
- name: certificates
  repository: file://../chart_deps/security/certificates
  version: 0.1.0
- name: redis-operated
  repository: file://../chart_deps/redis/redis-operated
  version: 0.1.0
digest: sha256:bb36d9056e1d2e67953115bacd667791f2e03d40598b422c87f8e9ddba03cc64
generated: "2024-08-23T19:09:10.704227671Z"
