dependencies:
- name: argo-cd
  repository: https://argoproj.github.io/argo-helm
  version: 6.7.3
- name: certificates
  repository: file://../chart_deps/security/certificates
  version: 0.1.0
- name: redis-operated
  repository: file://../chart_deps/redis/redis-operated
  version: 0.1.0
digest: sha256:214fac327f1c2a30ea6d26f02ea2793557b26da763ce44ba766b8cd75867974d
generated: "2024-08-16T19:34:02.242550308Z"
