dependencies:
- name: argo-cd
  repository: https://argoproj.github.io/argo-helm
  version: 7.4.4
- name: certificates
  repository: file://../chart_deps/security/certificates
  version: 0.1.0
- name: redis-operated
  repository: file://../chart_deps/redis/redis-operated
  version: 0.1.0
digest: sha256:9af5a62488df72ead17e6dcbca581389691d7bc15fbb266f84384adcc8a3de5c
generated: "2024-08-17T19:20:12.780554009Z"
