dependencies:
- name: grafana-dashboards
  repository: file://../chart_deps/grafana/dashboards
  version: 0.1.0
- name: grafana-dashboards
  repository: file://../chart_deps/grafana/dashboards
  version: 0.1.0
- name: grafana-dashboards
  repository: file://../chart_deps/grafana/dashboards
  version: 0.1.0
- name: grafana-datasources
  repository: file://../chart_deps/grafana/datasources
  version: 0.1.0
- name: grafana-operated
  repository: file://../chart_deps/grafana/grafana-operated
  version: 0.1.0
- name: grafana-operator
  repository: oci://ghcr.io/grafana/helm-charts
  version: v5.17.1
- name: core
  repository: file://../chart_deps/app/core
  version: 0.1.0
digest: sha256:bb1b098774c1c2433c601a19a3e76327b34421ecdd3d4cd073d1137f624bcd10
generated: "2025-04-18T11:46:24.973562827+03:00"
