dependencies:
- name: grafana-dashboards
  repository: file://../chart_deps/grafana/dashboards
  version: 0.1.0
- name: grafana-datasources
  repository: file://../chart_deps/grafana/datasources
  version: 0.1.0
- name: grafana-serviceaccounts
  repository: file://../chart_deps/grafana/serviceaccounts
  version: 0.1.0
- name: grafana-operated
  repository: file://../chart_deps/grafana/grafana-operated
  version: 0.1.0
- name: grafana-operator
  repository: oci://ghcr.io/grafana/helm-charts
  version: 5.24.0
- name: core
  repository: file://../chart_deps/app/core
  version: 0.1.0
- name: fluentbit-operated
  repository: file://../chart_deps/fluent/fluentbit/fluentbit-operated/
  version: 0.1.0
digest: sha256:eb1d3663a41f67994e7368c7cd7b7ff49e64b3b3f3eeb8fdc439407c184c2afe
generated: "2026-06-12T18:01:47.500378446Z"
