dependencies:
- name: postgres-cluster
  repository: file://../chart_deps/postgres/postgres-cluster
  version: 0.1.0
- name: chainlink
  repository: file://../chart_deps/blockchain/chainlink
  version: 0.1.0
- name: chainlink
  repository: file://../chart_deps/blockchain/chainlink
  version: 0.1.0
- name: chainlink
  repository: file://../chart_deps/blockchain/chainlink
  version: 0.1.0
- name: chainlink
  repository: file://../chart_deps/blockchain/chainlink
  version: 0.1.0
- name: chainlink
  repository: file://../chart_deps/blockchain/chainlink
  version: 0.1.0
- name: chainlink
  repository: file://../chart_deps/blockchain/chainlink
  version: 0.1.0
- name: chainlink
  repository: file://../chart_deps/blockchain/chainlink
  version: 0.1.0
- name: chainlink
  repository: file://../chart_deps/blockchain/chainlink
  version: 0.1.0
digest: sha256:4efaf6e8423171795c26fcf67a76a9d568f91cee49b61e81efa76960a2981928
generated: "2024-02-29T10:18:43.737502601+03:00"
