dependencies:
- name: redis-operator
  repository: https://ot-container-kit.github.io/helm-charts
  version: 0.24.0
- name: redis-sentinel
  repository: https://ot-container-kit.github.io/helm-charts
  version: 0.16.12
digest: sha256:daecab49b6b2bbc6608f78bf748100cacf33082eef141dc2b82973d77e3d7d22
generated: "2026-05-28T06:56:59.628124479Z"
