dependencies:
- name: postgres-cluster
  repository: file://../chart_deps/postgres/postgres-cluster
  version: 0.1.0
- name: postgres-operator
  repository: https://opensource.zalando.com/postgres-operator/charts/postgres-operator
  version: 1.15.1
- name: common
  repository: file://../chart_deps/app/common/
  version: 0.1.0
digest: sha256:ff354767ed386b318144232b3c8403d2e7c8638754ef5e2d7af6a1c6f2546cb4
generated: "2026-01-14T05:26:44.335038449Z"
