dependencies:
- name: cert-manager
  repository: https://charts.jetstack.io
  version: v1.17.1
- name: certificates
  repository: file://../chart_deps/security/certificates
  version: 0.1.0
digest: sha256:2ea184defddc6a979d110f951011042fc7e733d5d8b3278bd09c82b440bf3ee8
generated: "2025-03-20T08:39:23.280373855Z"
