dependencies:
- name: cert-manager
  repository: https://charts.jetstack.io
  version: v1.14.3
- name: certificates
  repository: file://../chart_deps/security/certificates
  version: 0.1.0
digest: sha256:18ca05c9acb6678fee5ae71fb1cd5de066b72d2a066b43acf65e11ce2d9f5e20
generated: "2024-02-25T16:32:58.160778122Z"
