dependencies:
- name: gitlab
  repository: https://charts.gitlab.io
  version: 10.1.1
- name: redis-operated
  repository: file://../chart_deps/redis/redis-operated
  version: 0.1.0
- name: postgres-cluster
  repository: file://../chart_deps/postgres/postgres-cluster
  version: 0.1.0
- name: core
  repository: file://../chart_deps/app/core
  version: 0.1.0
digest: sha256:36220c37e0be442c1e84075ca9f3302cf9f6357cb9e470aea4df48cafbe54a9a
generated: "2026-07-01T11:39:54.362892931+03:00"
