dependencies:
- name: core
  repository: file://../../../app/core
  version: 0.1.0
- name: prometheus-lib
  repository: file://../../../prometheus/lib
  version: 0.1.0
- name: fluentbit-lib
  repository: file://../lib
  version: 0.1.0
digest: sha256:8aee09854d1c92b5259b8420f32b547d4fb1740f9cd465f864eca154551a3f34
generated: "2025-11-19T18:41:13.345935464Z"
