dependencies:
- name: redis-operator
  repository: file://../chart_deps/redis/redis-operator
  version: 0.1.0
- name: redis-operated
  repository: file://../chart_deps/redis/redis-operated
  version: 0.1.0
digest: sha256:19e630d1d36df29dd58edd4b6c7ea034be6cd8f15a66586c53680eafdce6de16
generated: "2026-06-09T14:52:21.437827326Z"
