dependencies:
- name: redis-operator
  repository: https://ot-container-kit.github.io/helm-charts
  version: 0.24.0
- name: redis-operated
  repository: file://../chart_deps/redis/redis-operated
  version: 0.1.0
- name: prometheus-lib
  repository: file://../chart_deps/prometheus/lib
  version: 0.1.0
digest: sha256:68285de2f81bacdcec9ef92d029be88f80a64bee40dbc996bd153727a4a23b29
generated: "2026-06-08T06:42:20.435116093Z"
