dependencies:
- name: thanos
  repository: oci://registry-1.docker.io/bitnamicharts
  version: 15.7.25
- name: thanos
  repository: oci://registry-1.docker.io/bitnamicharts
  version: 15.7.25
- name: thanos
  repository: oci://registry-1.docker.io/bitnamicharts
  version: 15.7.25
digest: sha256:b3d6af6a7cfd04d717f2919101c9dbd878a7a09b0d9bc34c2777b04b326b205f
generated: "2024-09-06T19:54:44.629813477Z"
