dependencies:
- name: thanos
  repository: oci://registry-1.docker.io/bitnamicharts
  version: 15.7.10
- name: thanos
  repository: oci://registry-1.docker.io/bitnamicharts
  version: 15.7.10
- name: thanos
  repository: oci://registry-1.docker.io/bitnamicharts
  version: 15.7.10
digest: sha256:ab716fbc597b2571daba163ea117c4d7ade5e29fb4ab551ce85e9cd95dd06de0
generated: "2024-06-27T08:39:32.161501203Z"
