dependencies:
- name: thanos
  repository: oci://registry-1.docker.io/bitnamicharts
  version: 14.0.2
- name: thanos
  repository: oci://registry-1.docker.io/bitnamicharts
  version: 14.0.2
- name: thanos
  repository: oci://registry-1.docker.io/bitnamicharts
  version: 15.5.0
digest: sha256:823ee807cecaac2449f92a0a39b408a1d556e7822451221dc8cdc1e62330a83a
generated: "2024-05-27T14:04:43.628825399Z"
