dependencies:
- name: argo-cd
  repository: https://argoproj.github.io/argo-helm
  version: 10.9.6
- name: certificates
  repository: file://../chart_deps/security/certificates
  version: 0.1.0
- name: redis-operated
  repository: file://../chart_deps/redis/redis-operated
  version: 0.1.0
- name: probes
  repository: file://../chart_deps/prometheus/probes
  version: 0.1.0
- name: prometheus-rules
  repository: file://../chart_deps/prometheus/prometheus-rules
  version: 0.1.0
- name: core
  repository: file://../chart_deps/app/core
  version: 0.1.0
digest: sha256:e6cbaf513f9ed579386a79cddec8571a81f930ee4efdb3f53da61ad1558fb298
generated: "2026-10-02T13:03:10.084679759Z"
