dependencies:
- name: argo-cd
  repository: https://argoproj.github.io/argo-helm
  version: 7.4.5
- name: certificates
  repository: file://../chart_deps/security/certificates
  version: 0.1.0
- name: redis-operated
  repository: file://../chart_deps/redis/redis-operated
  version: 0.1.0
- name: probes
  repository: file://../chart_deps/prometheus/probes
  version: 0.1.0
digest: sha256:44e6e08d8058f5873ce58689b1cfce60af42c0a448e8d4da47be6e194d6154bc
generated: "2024-10-15T19:17:09.501634634+03:00"
