dependencies:
- name: rabbitmq-cluster
  repository: file://../chart_deps/rabbitmq/rabbitmq-cluster/
  version: 0.1.0
- name: rabbitmq-cluster-operator
  repository: oci://registry-1.docker.io/bitnamicharts
  version: 4.4.11
- name: core
  repository: file://../chart_deps/app/core
  version: 0.1.0
digest: sha256:64c0486c6142667d08395e71ac63fd7da8745de867ffbb58fd6f98008f36189f
generated: "2025-05-13T18:58:38.113799891+03:00"
