dependencies:
- name: rabbitmq-cluster
  repository: file://../chart_deps/rabbitmq/rabbitmq-cluster/
  version: 0.1.0
- name: rabbitmq-cluster-operator
  repository: oci://registry-1.docker.io/bitnamicharts
  version: 4.4.6
digest: sha256:4334141f90208adfba9f40e5c375c5f1dd951e6ffbc5cfa213a8cb1908b1e813
generated: "2025-03-26T12:38:40.799291303Z"
